Microsoft Visual Studio Solution File, Format Version 12.00
# Visual Studio Version 17
VisualStudioVersion = 17.5.2.0
MinimumVisualStudioVersion = 10.0.40219.1
Project("{FAE04EC0-301F-11D3-BF4B-00C04F79EFBC}") = "TicketFlow.API", "TicketFlow.API.csproj", "{E91E26D1-772B-C35B-EB90-840F54ABEC0C}"
EndProject
Global
	GlobalSection(SolutionConfigurationPlatforms) = preSolution
		Debug|Any CPU = Debug|Any CPU
		Release|Any CPU = Release|Any CPU
	EndGlobalSection
	GlobalSection(ProjectConfigurationPlatforms) = postSolution
		{E91E26D1-772B-C35B-EB90-840F54ABEC0C}.Debug|Any CPU.ActiveCfg = Debug|Any CPU
		{E91E26D1-772B-C35B-EB90-840F54ABEC0C}.Debug|Any CPU.Build.0 = Debug|Any CPU
		{E91E26D1-772B-C35B-EB90-840F54ABEC0C}.Release|Any CPU.ActiveCfg = Release|Any CPU
		{E91E26D1-772B-C35B-EB90-840F54ABEC0C}.Release|Any CPU.Build.0 = Release|Any CPU
	EndGlobalSection
	GlobalSection(SolutionProperties) = preSolution
		HideSolutionNode = FALSE
	EndGlobalSection
	GlobalSection(ExtensibilityGlobals) = postSolution
		SolutionGuid = {B47E9173-5642-4CC9-ABB7-F8B3FDE4F572}
	EndGlobalSection
EndGlobal
